
Microsoft Visual Studio Solution File, Format Version 12.00
# Visual Studio Version 16
VisualStudioVersion = 16.0.31105.61
MinimumVisualStudioVersion = 10.0.40219.1
Project("{FAE04EC0-301F-11D3-BF4B-00C04F79EFBC}") = "7 praktika", "7 praktika\7 praktika.csproj", "{160A1D70-69D6-4027-9E5B-CF493A5239EC}"
EndProject
Global
	GlobalSection(SolutionConfigurationPlatforms) = preSolution
		Debug|Any CPU = Debug|Any CPU
		Release|Any CPU = Release|Any CPU
	EndGlobalSection
	GlobalSection(ProjectConfigurationPlatforms) = postSolution
		{160A1D70-69D6-4027-9E5B-CF493A5239EC}.Debug|Any CPU.ActiveCfg = Debug|Any CPU
		{160A1D70-69D6-4027-9E5B-CF493A5239EC}.Debug|Any CPU.Build.0 = Debug|Any CPU
		{160A1D70-69D6-4027-9E5B-CF493A5239EC}.Release|Any CPU.ActiveCfg = Release|Any CPU
		{160A1D70-69D6-4027-9E5B-CF493A5239EC}.Release|Any CPU.Build.0 = Release|Any CPU
	EndGlobalSection
	GlobalSection(SolutionProperties) = preSolution
		HideSolutionNode = FALSE
	EndGlobalSection
	GlobalSection(ExtensibilityGlobals) = postSolution
		SolutionGuid = {11CA1DCE-4ECA-4FC4-B462-AD5E3DDB35B5}
	EndGlobalSection
EndGlobal
